
Microsoft Visual Studio Solution File, Format Version 12.00
# Visual Studio 14
VisualStudioVersion = 14.0.25420.1
MinimumVisualStudioVersion = 10.0.40219.1
Project("{FAE04EC0-301F-11D3-BF4B-00C04F79EFBC}") = "MzML", "MzML\MzML.csproj", "{012434FB-88A9-4DEC-B887-5F64C0B481D4}"
EndProject
Project("{FAE04EC0-301F-11D3-BF4B-00C04F79EFBC}") = "Thermo", "Thermo\Thermo.csproj", "{24DC85FF-E97B-4140-9614-77DD8FDDD32F}"
EndProject
Project("{FAE04EC0-301F-11D3-BF4B-00C04F79EFBC}") = "Test", "Test\Test.csproj", "{30497D84-DC85-4582-B2E7-6C5691E03E4B}"
EndProject
Project("{FAE04EC0-301F-11D3-BF4B-00C04F79EFBC}") = "TestThermo", "TestThermo\TestThermo.csproj", "{0FA1E770-6D5E-421B-802C-FDCA44791EAA}"
EndProject
Project("{FAE04EC0-301F-11D3-BF4B-00C04F79EFBC}") = "mzIdentML", "mzIdentML\mzIdentML.csproj", "{63D869DF-55D8-4043-AD89-F90462403EBB}"
EndProject
Project("{FAE04EC0-301F-11D3-BF4B-00C04F79EFBC}") = "LocalBenchmark", "LocalBenchmark\LocalBenchmark.csproj", "{C3977FDD-EC0B-4962-B70D-4A32A5DF82F8}"
EndProject
Global
	GlobalSection(SolutionConfigurationPlatforms) = preSolution
		Debug|Any CPU = Debug|Any CPU
		Debug|x64 = Debug|x64
		Debug|x86 = Debug|x86
		ReleaseAndTest|Any CPU = ReleaseAndTest|Any CPU
		ReleaseAndTest|x64 = ReleaseAndTest|x64
		ReleaseAndTest|x86 = ReleaseAndTest|x86
		ReleaseAndTestNoThermo|Any CPU = ReleaseAndTestNoThermo|Any CPU
		ReleaseAndTestNoThermo|x64 = ReleaseAndTestNoThermo|x64
		ReleaseAndTestNoThermo|x86 = ReleaseAndTestNoThermo|x86
	EndGlobalSection
	GlobalSection(ProjectConfigurationPlatforms) = postSolution
		{012434FB-88A9-4DEC-B887-5F64C0B481D4}.Debug|Any CPU.ActiveCfg = Release|Any CPU
		{012434FB-88A9-4DEC-B887-5F64C0B481D4}.Debug|Any CPU.Build.0 = Release|Any CPU
		{012434FB-88A9-4DEC-B887-5F64C0B481D4}.Debug|x64.ActiveCfg = Debug|Any CPU
		{012434FB-88A9-4DEC-B887-5F64C0B481D4}.Debug|x64.Build.0 = Debug|Any CPU
		{012434FB-88A9-4DEC-B887-5F64C0B481D4}.Debug|x86.ActiveCfg = Debug|Any CPU
		{012434FB-88A9-4DEC-B887-5F64C0B481D4}.Debug|x86.Build.0 = Debug|Any CPU
		{012434FB-88A9-4DEC-B887-5F64C0B481D4}.ReleaseAndTest|Any CPU.ActiveCfg = Release|Any CPU
		{012434FB-88A9-4DEC-B887-5F64C0B481D4}.ReleaseAndTest|Any CPU.Build.0 = Release|Any CPU
		{012434FB-88A9-4DEC-B887-5F64C0B481D4}.ReleaseAndTest|x64.ActiveCfg = Release|x64
		{012434FB-88A9-4DEC-B887-5F64C0B481D4}.ReleaseAndTest|x64.Build.0 = Release|x64
		{012434FB-88A9-4DEC-B887-5F64C0B481D4}.ReleaseAndTest|x86.ActiveCfg = Release|x86
		{012434FB-88A9-4DEC-B887-5F64C0B481D4}.ReleaseAndTest|x86.Build.0 = Release|x86
		{012434FB-88A9-4DEC-B887-5F64C0B481D4}.ReleaseAndTestNoThermo|Any CPU.ActiveCfg = Release|Any CPU
		{012434FB-88A9-4DEC-B887-5F64C0B481D4}.ReleaseAndTestNoThermo|Any CPU.Build.0 = Release|Any CPU
		{012434FB-88A9-4DEC-B887-5F64C0B481D4}.ReleaseAndTestNoThermo|x64.ActiveCfg = Release|x64
		{012434FB-88A9-4DEC-B887-5F64C0B481D4}.ReleaseAndTestNoThermo|x64.Build.0 = Release|x64
		{012434FB-88A9-4DEC-B887-5F64C0B481D4}.ReleaseAndTestNoThermo|x86.ActiveCfg = Release|x86
		{012434FB-88A9-4DEC-B887-5F64C0B481D4}.ReleaseAndTestNoThermo|x86.Build.0 = Release|x86
		{24DC85FF-E97B-4140-9614-77DD8FDDD32F}.Debug|Any CPU.ActiveCfg = Release|Any CPU
		{24DC85FF-E97B-4140-9614-77DD8FDDD32F}.Debug|Any CPU.Build.0 = Release|Any CPU
		{24DC85FF-E97B-4140-9614-77DD8FDDD32F}.Debug|x64.ActiveCfg = Debug|x64
		{24DC85FF-E97B-4140-9614-77DD8FDDD32F}.Debug|x64.Build.0 = Debug|x64
		{24DC85FF-E97B-4140-9614-77DD8FDDD32F}.Debug|x86.ActiveCfg = Debug|x86
		{24DC85FF-E97B-4140-9614-77DD8FDDD32F}.Debug|x86.Build.0 = Debug|x86
		{24DC85FF-E97B-4140-9614-77DD8FDDD32F}.ReleaseAndTest|Any CPU.ActiveCfg = Release|Any CPU
		{24DC85FF-E97B-4140-9614-77DD8FDDD32F}.ReleaseAndTest|Any CPU.Build.0 = Release|Any CPU
		{24DC85FF-E97B-4140-9614-77DD8FDDD32F}.ReleaseAndTest|x64.ActiveCfg = Release|x64
		{24DC85FF-E97B-4140-9614-77DD8FDDD32F}.ReleaseAndTest|x64.Build.0 = Release|x64
		{24DC85FF-E97B-4140-9614-77DD8FDDD32F}.ReleaseAndTest|x86.ActiveCfg = Release|x86
		{24DC85FF-E97B-4140-9614-77DD8FDDD32F}.ReleaseAndTest|x86.Build.0 = Release|x86
		{24DC85FF-E97B-4140-9614-77DD8FDDD32F}.ReleaseAndTestNoThermo|Any CPU.ActiveCfg = Release|Any CPU
		{24DC85FF-E97B-4140-9614-77DD8FDDD32F}.ReleaseAndTestNoThermo|x64.ActiveCfg = Release|x64
		{24DC85FF-E97B-4140-9614-77DD8FDDD32F}.ReleaseAndTestNoThermo|x64.Build.0 = Release|x64
		{24DC85FF-E97B-4140-9614-77DD8FDDD32F}.ReleaseAndTestNoThermo|x86.ActiveCfg = Release|x86
		{24DC85FF-E97B-4140-9614-77DD8FDDD32F}.ReleaseAndTestNoThermo|x86.Build.0 = Release|x86
		{30497D84-DC85-4582-B2E7-6C5691E03E4B}.Debug|Any CPU.ActiveCfg = Release|Any CPU
		{30497D84-DC85-4582-B2E7-6C5691E03E4B}.Debug|Any CPU.Build.0 = Release|Any CPU
		{30497D84-DC85-4582-B2E7-6C5691E03E4B}.Debug|x64.ActiveCfg = Release|Any CPU
		{30497D84-DC85-4582-B2E7-6C5691E03E4B}.Debug|x64.Build.0 = Release|Any CPU
		{30497D84-DC85-4582-B2E7-6C5691E03E4B}.Debug|x86.ActiveCfg = Release|Any CPU
		{30497D84-DC85-4582-B2E7-6C5691E03E4B}.Debug|x86.Build.0 = Release|Any CPU
		{30497D84-DC85-4582-B2E7-6C5691E03E4B}.ReleaseAndTest|Any CPU.ActiveCfg = Release|Any CPU
		{30497D84-DC85-4582-B2E7-6C5691E03E4B}.ReleaseAndTest|Any CPU.Build.0 = Release|Any CPU
		{30497D84-DC85-4582-B2E7-6C5691E03E4B}.ReleaseAndTest|x64.ActiveCfg = Release|Any CPU
		{30497D84-DC85-4582-B2E7-6C5691E03E4B}.ReleaseAndTest|x64.Build.0 = Release|Any CPU
		{30497D84-DC85-4582-B2E7-6C5691E03E4B}.ReleaseAndTest|x86.ActiveCfg = Release|Any CPU
		{30497D84-DC85-4582-B2E7-6C5691E03E4B}.ReleaseAndTest|x86.Build.0 = Release|Any CPU
		{30497D84-DC85-4582-B2E7-6C5691E03E4B}.ReleaseAndTestNoThermo|Any CPU.ActiveCfg = Release|Any CPU
		{30497D84-DC85-4582-B2E7-6C5691E03E4B}.ReleaseAndTestNoThermo|Any CPU.Build.0 = Release|Any CPU
		{30497D84-DC85-4582-B2E7-6C5691E03E4B}.ReleaseAndTestNoThermo|x64.ActiveCfg = Release|Any CPU
		{30497D84-DC85-4582-B2E7-6C5691E03E4B}.ReleaseAndTestNoThermo|x64.Build.0 = Release|Any CPU
		{30497D84-DC85-4582-B2E7-6C5691E03E4B}.ReleaseAndTestNoThermo|x86.ActiveCfg = Release|Any CPU
		{30497D84-DC85-4582-B2E7-6C5691E03E4B}.ReleaseAndTestNoThermo|x86.Build.0 = Release|Any CPU
		{0FA1E770-6D5E-421B-802C-FDCA44791EAA}.Debug|Any CPU.ActiveCfg = Release|Any CPU
		{0FA1E770-6D5E-421B-802C-FDCA44791EAA}.Debug|Any CPU.Build.0 = Release|Any CPU
		{0FA1E770-6D5E-421B-802C-FDCA44791EAA}.Debug|x64.ActiveCfg = Release|Any CPU
		{0FA1E770-6D5E-421B-802C-FDCA44791EAA}.Debug|x64.Build.0 = Release|Any CPU
		{0FA1E770-6D5E-421B-802C-FDCA44791EAA}.Debug|x86.ActiveCfg = Release|Any CPU
		{0FA1E770-6D5E-421B-802C-FDCA44791EAA}.Debug|x86.Build.0 = Release|Any CPU
		{0FA1E770-6D5E-421B-802C-FDCA44791EAA}.ReleaseAndTest|Any CPU.ActiveCfg = Release|Any CPU
		{0FA1E770-6D5E-421B-802C-FDCA44791EAA}.ReleaseAndTest|Any CPU.Build.0 = Release|Any CPU
		{0FA1E770-6D5E-421B-802C-FDCA44791EAA}.ReleaseAndTest|x64.ActiveCfg = Release|Any CPU
		{0FA1E770-6D5E-421B-802C-FDCA44791EAA}.ReleaseAndTest|x64.Build.0 = Release|Any CPU
		{0FA1E770-6D5E-421B-802C-FDCA44791EAA}.ReleaseAndTest|x86.ActiveCfg = Release|Any CPU
		{0FA1E770-6D5E-421B-802C-FDCA44791EAA}.ReleaseAndTest|x86.Build.0 = Release|Any CPU
		{0FA1E770-6D5E-421B-802C-FDCA44791EAA}.ReleaseAndTestNoThermo|Any CPU.ActiveCfg = Release|Any CPU
		{0FA1E770-6D5E-421B-802C-FDCA44791EAA}.ReleaseAndTestNoThermo|x64.ActiveCfg = Release|Any CPU
		{0FA1E770-6D5E-421B-802C-FDCA44791EAA}.ReleaseAndTestNoThermo|x64.Build.0 = Release|Any CPU
		{0FA1E770-6D5E-421B-802C-FDCA44791EAA}.ReleaseAndTestNoThermo|x86.ActiveCfg = Release|Any CPU
		{0FA1E770-6D5E-421B-802C-FDCA44791EAA}.ReleaseAndTestNoThermo|x86.Build.0 = Release|Any CPU
		{63D869DF-55D8-4043-AD89-F90462403EBB}.Debug|Any CPU.ActiveCfg = Release|Any CPU
		{63D869DF-55D8-4043-AD89-F90462403EBB}.Debug|Any CPU.Build.0 = Release|Any CPU
		{63D869DF-55D8-4043-AD89-F90462403EBB}.Debug|x64.ActiveCfg = Debug|Any CPU
		{63D869DF-55D8-4043-AD89-F90462403EBB}.Debug|x64.Build.0 = Debug|Any CPU
		{63D869DF-55D8-4043-AD89-F90462403EBB}.Debug|x86.ActiveCfg = Debug|Any CPU
		{63D869DF-55D8-4043-AD89-F90462403EBB}.Debug|x86.Build.0 = Debug|Any CPU
		{63D869DF-55D8-4043-AD89-F90462403EBB}.ReleaseAndTest|Any CPU.ActiveCfg = Release|Any CPU
		{63D869DF-55D8-4043-AD89-F90462403EBB}.ReleaseAndTest|Any CPU.Build.0 = Release|Any CPU
		{63D869DF-55D8-4043-AD89-F90462403EBB}.ReleaseAndTest|x64.ActiveCfg = Release|Any CPU
		{63D869DF-55D8-4043-AD89-F90462403EBB}.ReleaseAndTest|x64.Build.0 = Release|Any CPU
		{63D869DF-55D8-4043-AD89-F90462403EBB}.ReleaseAndTest|x86.ActiveCfg = Release|Any CPU
		{63D869DF-55D8-4043-AD89-F90462403EBB}.ReleaseAndTest|x86.Build.0 = Release|Any CPU
		{63D869DF-55D8-4043-AD89-F90462403EBB}.ReleaseAndTestNoThermo|Any CPU.ActiveCfg = Release|Any CPU
		{63D869DF-55D8-4043-AD89-F90462403EBB}.ReleaseAndTestNoThermo|Any CPU.Build.0 = Release|Any CPU
		{63D869DF-55D8-4043-AD89-F90462403EBB}.ReleaseAndTestNoThermo|x64.ActiveCfg = Release|Any CPU
		{63D869DF-55D8-4043-AD89-F90462403EBB}.ReleaseAndTestNoThermo|x64.Build.0 = Release|Any CPU
		{63D869DF-55D8-4043-AD89-F90462403EBB}.ReleaseAndTestNoThermo|x86.ActiveCfg = Release|Any CPU
		{63D869DF-55D8-4043-AD89-F90462403EBB}.ReleaseAndTestNoThermo|x86.Build.0 = Release|Any CPU
		{C3977FDD-EC0B-4962-B70D-4A32A5DF82F8}.Debug|Any CPU.ActiveCfg = Release|Any CPU
		{C3977FDD-EC0B-4962-B70D-4A32A5DF82F8}.Debug|Any CPU.Build.0 = Release|Any CPU
		{C3977FDD-EC0B-4962-B70D-4A32A5DF82F8}.Debug|x64.ActiveCfg = Debug|Any CPU
		{C3977FDD-EC0B-4962-B70D-4A32A5DF82F8}.Debug|x64.Build.0 = Debug|Any CPU
		{C3977FDD-EC0B-4962-B70D-4A32A5DF82F8}.Debug|x86.ActiveCfg = Debug|Any CPU
		{C3977FDD-EC0B-4962-B70D-4A32A5DF82F8}.Debug|x86.Build.0 = Debug|Any CPU
		{C3977FDD-EC0B-4962-B70D-4A32A5DF82F8}.ReleaseAndTest|Any CPU.ActiveCfg = Release|Any CPU
		{C3977FDD-EC0B-4962-B70D-4A32A5DF82F8}.ReleaseAndTest|x64.ActiveCfg = Release|Any CPU
		{C3977FDD-EC0B-4962-B70D-4A32A5DF82F8}.ReleaseAndTest|x64.Build.0 = Release|Any CPU
		{C3977FDD-EC0B-4962-B70D-4A32A5DF82F8}.ReleaseAndTest|x86.ActiveCfg = Release|Any CPU
		{C3977FDD-EC0B-4962-B70D-4A32A5DF82F8}.ReleaseAndTest|x86.Build.0 = Release|Any CPU
		{C3977FDD-EC0B-4962-B70D-4A32A5DF82F8}.ReleaseAndTestNoThermo|Any CPU.ActiveCfg = Release|Any CPU
		{C3977FDD-EC0B-4962-B70D-4A32A5DF82F8}.ReleaseAndTestNoThermo|x64.ActiveCfg = Release|Any CPU
		{C3977FDD-EC0B-4962-B70D-4A32A5DF82F8}.ReleaseAndTestNoThermo|x64.Build.0 = Release|Any CPU
		{C3977FDD-EC0B-4962-B70D-4A32A5DF82F8}.ReleaseAndTestNoThermo|x86.ActiveCfg = Release|Any CPU
		{C3977FDD-EC0B-4962-B70D-4A32A5DF82F8}.ReleaseAndTestNoThermo|x86.Build.0 = Release|Any CPU
	EndGlobalSection
	GlobalSection(SolutionProperties) = preSolution
		HideSolutionNode = FALSE
	EndGlobalSection
EndGlobal
